
Microsoft Visual Studio Solution File, Format Version 12.00
# Visual Studio Version 16
VisualStudioVersion = 16.0.29326.143
MinimumVisualStudioVersion = 10.0.40219.1
Project("{FAE04EC0-301F-11D3-BF4B-00C04F79EFBC}") = "WebApp", "WebApp.csproj", "{1011C59E-C1EF-47D1-9947-A1DAE85805D7}"
EndProject
Global
	GlobalSection(SolutionConfigurationPlatforms) = preSolution
		Debug|Any CPU = Debug|Any CPU
		Release|Any CPU = Release|Any CPU
	EndGlobalSection
	GlobalSection(ProjectConfigurationPlatforms) = postSolution
		{1011C59E-C1EF-47D1-9947-A1DAE85805D7}.Debug|Any CPU.ActiveCfg = Debug|Any CPU
		{1011C59E-C1EF-47D1-9947-A1DAE85805D7}.Debug|Any CPU.Build.0 = Debug|Any CPU
		{1011C59E-C1EF-47D1-9947-A1DAE85805D7}.Release|Any CPU.ActiveCfg = Release|Any CPU
		{1011C59E-C1EF-47D1-9947-A1DAE85805D7}.Release|Any CPU.Build.0 = Release|Any CPU
	EndGlobalSection
	GlobalSection(SolutionProperties) = preSolution
		HideSolutionNode = FALSE
	EndGlobalSection
	GlobalSection(ExtensibilityGlobals) = postSolution
		SolutionGuid = {C2C928C4-EA2D-4AA3-B86B-C7CF6E5BA949}
	EndGlobalSection
EndGlobal
